{
  "lockfile_version": "1",
  "packages": {
    "awscli2@2.15.38": {
      "last_modified": "2024-04-27T06:29:53-04:00",
      "resolved": "github:NixOS/nixpkgs/d6f6eb2a984f2ba9a366c31e4d36d65465683450#awscli2",
      "source": "devbox-search",
      "version": "2.15.38",
      "systems": {
        "aarch64-darwin": {
          "outputs": [
            {
              "name": "out",
              "path": "/nix/store/zkgkwy7mw351ravi5mfmyd4g605akcbj-awscli2-2.15.38",
              "default": true
            },
            {
              "name": "dist",
              "path": "/nix/store/7x6ny390xc5rv9s1p432mh63j2bcsd6g-awscli2-2.15.38-dist"
            }
          ],
          "store_path": "/nix/store/zkgkwy7mw351ravi5mfmyd4g605akcbj-awscli2-2.15.38"
        },
        "aarch64-linux": {
          "outputs": [
            {
              "name": "out",
              "path": "/nix/store/5prxbqvp4h85z82dflspwyfzb5d67x80-awscli2-2.15.38",
              "default": true
            },
            {
              "name": "dist",
              "path": "/nix/store/lc9s2njd4sw7ig3v6rpsj3p464x3sj1r-awscli2-2.15.38-dist"
            }
          ],
          "store_path": "/nix/store/5prxbqvp4h85z82dflspwyfzb5d67x80-awscli2-2.15.38"
        },
        "x86_64-darwin": {
          "outputs": [
            {
              "name": "out",
              "path": "/nix/store/7abrr9j7kfihps5wbam5qwhd4xxvqhrz-awscli2-2.15.38",
              "default": true
            },
            {
              "name": "dist",
              "path": "/nix/store/fffd119idyjvvwmjhdf0n1lwkqwzflym-awscli2-2.15.38-dist"
            }
          ],
          "store_path": "/nix/store/7abrr9j7kfihps5wbam5qwhd4xxvqhrz-awscli2-2.15.38"
        },
        "x86_64-linux": {
          "outputs": [
            {
              "name": "out",
              "path": "/nix/store/14j1rqbjglyq46r9f5kj4lvwk5ap7vmh-awscli2-2.15.38",
              "default": true
            },
            {
              "name": "dist",
              "path": "/nix/store/awrjg74bzxr4qmsnji3frc4j1gwg9lwk-awscli2-2.15.38-dist"
            }
          ],
          "store_path": "/nix/store/14j1rqbjglyq46r9f5kj4lvwk5ap7vmh-awscli2-2.15.38"
        }
      }
    },
    "crossplane-cli@1.15.1": {
      "last_modified": "2024-03-22T11:26:23Z",
      "resolved": "github:NixOS/nixpkgs/a3ed7406349a9335cb4c2a71369b697cecd9d351#crossplane-cli",
      "source": "devbox-search",
      "version": "1.15.1",
      "systems": {
        "aarch64-darwin": {
          "outputs": [
            {
              "name": "out",
              "path": "/nix/store/7d4nv7q83zginb737jh54rb87nx4nlh5-crossplane-cli-1.15.1",
              "default": true
            }
          ],
          "store_path": "/nix/store/7d4nv7q83zginb737jh54rb87nx4nlh5-crossplane-cli-1.15.1"
        },
        "aarch64-linux": {
          "outputs": [
            {
              "name": "out",
              "path": "/nix/store/xkhajnp316cwm4vxszsszwqg02agxhr1-crossplane-cli-1.15.1",
              "default": true
            }
          ],
          "store_path": "/nix/store/xkhajnp316cwm4vxszsszwqg02agxhr1-crossplane-cli-1.15.1"
        },
        "x86_64-darwin": {
          "outputs": [
            {
              "name": "out",
              "path": "/nix/store/psxyia2rw0b4b28sbxhkrza6i844yg8p-crossplane-cli-1.15.1",
              "default": true
            }
          ],
          "store_path": "/nix/store/psxyia2rw0b4b28sbxhkrza6i844yg8p-crossplane-cli-1.15.1"
        },
        "x86_64-linux": {
          "outputs": [
            {
              "name": "out",
              "path": "/nix/store/kri5nbzzdj4k0dr6dc142fjris25qwk6-crossplane-cli-1.15.1",
              "default": true
            }
          ],
          "store_path": "/nix/store/kri5nbzzdj4k0dr6dc142fjris25qwk6-crossplane-cli-1.15.1"
        }
      }
    },
    "eksctl@0.175.0": {
      "last_modified": "2024-03-23T13:32:18Z",
      "resolved": "github:NixOS/nixpkgs/20bc93ca7b2158ebc99b8cef987a2173a81cde35#eksctl",
      "source": "devbox-search",
      "version": "0.175.0",
      "systems": {
        "aarch64-darwin": {
          "outputs": [
            {
              "name": "out",
              "path": "/nix/store/qafk4m5pnrw443vl3dp5azpip75bi7fw-eksctl-0.175.0",
              "default": true
            }
          ],
          "store_path": "/nix/store/qafk4m5pnrw443vl3dp5azpip75bi7fw-eksctl-0.175.0"
        },
        "aarch64-linux": {
          "outputs": [
            {
              "name": "out",
              "path": "/nix/store/hppnjbibykxlvicbn6in1fcllr6lwnan-eksctl-0.175.0",
              "default": true
            }
          ],
          "store_path": "/nix/store/hppnjbibykxlvicbn6in1fcllr6lwnan-eksctl-0.175.0"
        },
        "x86_64-darwin": {
          "outputs": [
            {
              "name": "out",
              "path": "/nix/store/c9ix5lsyll2hil9vaq197qnnplyd8irq-eksctl-0.175.0",
              "default": true
            }
          ],
          "store_path": "/nix/store/c9ix5lsyll2hil9vaq197qnnplyd8irq-eksctl-0.175.0"
        },
        "x86_64-linux": {
          "outputs": [
            {
              "name": "out",
              "path": "/nix/store/31372z0nzcqj36xijjlg3q8ckwjqmw8y-eksctl-0.175.0",
              "default": true
            }
          ],
          "store_path": "/nix/store/31372z0nzcqj36xijjlg3q8ckwjqmw8y-eksctl-0.175.0"
        }
      }
    },
    "kubernetes-helm@3.14.3": {
      "last_modified": "2024-03-22T11:26:23Z",
      "resolved": "github:NixOS/nixpkgs/a3ed7406349a9335cb4c2a71369b697cecd9d351#kubernetes-helm",
      "source": "devbox-search",
      "version": "3.14.3",
      "systems": {
        "aarch64-darwin": {
          "outputs": [
            {
              "name": "out",
              "path": "/nix/store/nbz58p0ak92q3hqp39mfrvhj33svh3k4-kubernetes-helm-3.14.3",
              "default": true
            }
          ],
          "store_path": "/nix/store/nbz58p0ak92q3hqp39mfrvhj33svh3k4-kubernetes-helm-3.14.3"
        },
        "aarch64-linux": {
          "outputs": [
            {
              "name": "out",
              "path": "/nix/store/1f9184lbcv55mj1sqrrf022r8ln49kpz-kubernetes-helm-3.14.3",
              "default": true
            }
          ],
          "store_path": "/nix/store/1f9184lbcv55mj1sqrrf022r8ln49kpz-kubernetes-helm-3.14.3"
        },
        "x86_64-darwin": {
          "outputs": [
            {
              "name": "out",
              "path": "/nix/store/f2v22pzmbfypqlrniragqbkxmrkk3j4h-kubernetes-helm-3.14.3",
              "default": true
            }
          ],
          "store_path": "/nix/store/f2v22pzmbfypqlrniragqbkxmrkk3j4h-kubernetes-helm-3.14.3"
        },
        "x86_64-linux": {
          "outputs": [
            {
              "name": "out",
              "path": "/nix/store/0vf3gsyjrkxrkwygi3igidd4hzab8iq9-kubernetes-helm-3.14.3",
              "default": true
            }
          ],
          "store_path": "/nix/store/0vf3gsyjrkxrkwygi3igidd4hzab8iq9-kubernetes-helm-3.14.3"
        }
      }
    },
    "teller@1.5.6": {
      "last_modified": "2024-03-22T11:26:23Z",
      "resolved": "github:NixOS/nixpkgs/a3ed7406349a9335cb4c2a71369b697cecd9d351#teller",
      "source": "devbox-search",
      "version": "1.5.6",
      "systems": {
        "aarch64-darwin": {
          "outputs": [
            {
              "name": "out",
              "path": "/nix/store/l2fh3piwbg087wkqriv4znaf9dx290wk-teller-1.5.6",
              "default": true
            }
          ],
          "store_path": "/nix/store/l2fh3piwbg087wkqriv4znaf9dx290wk-teller-1.5.6"
        },
        "aarch64-linux": {
          "outputs": [
            {
              "name": "out",
              "path": "/nix/store/nj5j7m0v2rfnmr9y3y123kzvlm3s7pl8-teller-1.5.6",
              "default": true
            }
          ],
          "store_path": "/nix/store/nj5j7m0v2rfnmr9y3y123kzvlm3s7pl8-teller-1.5.6"
        },
        "x86_64-darwin": {
          "outputs": [
            {
              "name": "out",
              "path": "/nix/store/p7l9dv1nf6pfk34s9jymdqkfx9vq602n-teller-1.5.6",
              "default": true
            }
          ],
          "store_path": "/nix/store/p7l9dv1nf6pfk34s9jymdqkfx9vq602n-teller-1.5.6"
        },
        "x86_64-linux": {
          "outputs": [
            {
              "name": "out",
              "path": "/nix/store/xmkyhmg9qmg74j6pnm7kkchf57qd0xw8-teller-1.5.6",
              "default": true
            }
          ],
          "store_path": "/nix/store/xmkyhmg9qmg74j6pnm7kkchf57qd0xw8-teller-1.5.6"
        }
      }
    },
    "viddy@0.4.0": {
      "last_modified": "2024-04-19T17:36:04-04:00",
      "resolved": "github:NixOS/nixpkgs/92d295f588631b0db2da509f381b4fb1e74173c5#viddy",
      "source": "devbox-search",
      "version": "0.4.0",
      "systems": {
        "aarch64-darwin": {
          "outputs": [
            {
              "name": "out",
              "path": "/nix/store/zj4zdv01ik9x3mjdrjd4vhqwxrpqzzpg-viddy-0.4.0",
              "default": true
            }
          ],
          "store_path": "/nix/store/zj4zdv01ik9x3mjdrjd4vhqwxrpqzzpg-viddy-0.4.0"
        },
        "aarch64-linux": {
          "outputs": [
            {
              "name": "out",
              "path": "/nix/store/mwbhw490mp3dsqb3f5v05h6h56p9x88k-viddy-0.4.0",
              "default": true
            }
          ],
          "store_path": "/nix/store/mwbhw490mp3dsqb3f5v05h6h56p9x88k-viddy-0.4.0"
        },
        "x86_64-darwin": {
          "outputs": [
            {
              "name": "out",
              "path": "/nix/store/5hdagc0lwhz5jjc96x04a4if6xn1z34i-viddy-0.4.0",
              "default": true
            }
          ],
          "store_path": "/nix/store/5hdagc0lwhz5jjc96x04a4if6xn1z34i-viddy-0.4.0"
        },
        "x86_64-linux": {
          "outputs": [
            {
              "name": "out",
              "path": "/nix/store/b0fq810f916nfpb6hk0akif055qkdbf7-viddy-0.4.0",
              "default": true
            }
          ],
          "store_path": "/nix/store/b0fq810f916nfpb6hk0akif055qkdbf7-viddy-0.4.0"
        }
      }
    },
    "yq-go@4.43.1": {
      "last_modified": "2024-04-19T17:36:04-04:00",
      "resolved": "github:NixOS/nixpkgs/92d295f588631b0db2da509f381b4fb1e74173c5#yq-go",
      "source": "devbox-search",
      "version": "4.43.1",
      "systems": {
        "aarch64-darwin": {
          "outputs": [
            {
              "name": "out",
              "path": "/nix/store/rfiv0y75hj8730n1a6drnjhkk7vhdl9j-yq-go-4.43.1",
              "default": true
            }
          ],
          "store_path": "/nix/store/rfiv0y75hj8730n1a6drnjhkk7vhdl9j-yq-go-4.43.1"
        },
        "aarch64-linux": {
          "outputs": [
            {
              "name": "out",
              "path": "/nix/store/jni4dcywxfmwabxqmadp6lha4bn2sv2a-yq-go-4.43.1",
              "default": true
            }
          ],
          "store_path": "/nix/store/jni4dcywxfmwabxqmadp6lha4bn2sv2a-yq-go-4.43.1"
        },
        "x86_64-darwin": {
          "outputs": [
            {
              "name": "out",
              "path": "/nix/store/kd7h15ml6ypamdm65vdw1961zmcrqswk-yq-go-4.43.1",
              "default": true
            }
          ],
          "store_path": "/nix/store/kd7h15ml6ypamdm65vdw1961zmcrqswk-yq-go-4.43.1"
        },
        "x86_64-linux": {
          "outputs": [
            {
              "name": "out",
              "path": "/nix/store/3im0h6slqakpx47p6y87var90hsvxqsy-yq-go-4.43.1",
              "default": true
            }
          ],
          "store_path": "/nix/store/3im0h6slqakpx47p6y87var90hsvxqsy-yq-go-4.43.1"
        }
      }
    }
  }
}
